Microsoft Visual Studio Solution File, Format Version 11.00
# Visual Studio 2008

Project("{19D4C8B6-2454-FC92-E735-6798EC4D7DA1}") = "RPGPriestSimulator2016", "Assembly-CSharp.csproj", "{442671B1-5BF0-544B-E2AC-30081EA23DA0}"
EndProject
Global
	GlobalSection(SolutionConfigurationPlatforms) = preSolution
		Debug|Any CPU = Debug|Any CPU
		Release|Any CPU = Release|Any CPU
	EndGlobalSection
	GlobalSection(ProjectConfigurationPlatforms) = postSolution
		{442671B1-5BF0-544B-E2AC-30081EA23DA0}.Debug|Any CPU.ActiveCfg = Debug|Any CPU
		{442671B1-5BF0-544B-E2AC-30081EA23DA0}.Debug|Any CPU.Build.0 = Debug|Any CPU
		{442671B1-5BF0-544B-E2AC-30081EA23DA0}.Release|Any CPU.ActiveCfg = Release|Any CPU
		{442671B1-5BF0-544B-E2AC-30081EA23DA0}.Release|Any CPU.Build.0 = Release|Any CPU
	EndGlobalSection
	GlobalSection(SolutionProperties) = preSolution
		HideSolutionNode = FALSE
	EndGlobalSection
					GlobalSection(MonoDevelopProperties) = preSolution
		StartupItem = Assembly-CSharp.csproj
	EndGlobalSection
EndGlobal
